// !$*UTF8*$!
{
	archiveVersion = 1;
	classes = {
	};
	objectVersion = 55;
	objects = {

/* Begin PBXBuildFile section */
		F62189E6281CE0F800DD745E /* MusicPalace_Nano_App.swift in Sources */ = {isa = PBXBuildFile; fileRef = F62189E5281CE0F800DD745E /* MusicPalace_Nano_App.swift */; };
		F62189E8281CE0F800DD745E /* ContentView.swift in Sources */ = {isa = PBXBuildFile; fileRef = F62189E7281CE0F800DD745E /* ContentView.swift */; };
		F62189F2281CE0FA00DD745E /* MusicPalaceModel.xcdatamodeld in Sources */ = {isa = PBXBuildFile; fileRef = F62189F0281CE0FA00DD745E /* MusicPalaceModel.xcdatamodeld */; };
		F62189FE281CE15D00DD745E /* DateValueModel.swift in Sources */ = {isa = PBXBuildFile; fileRef = F62189FD281CE15D00DD745E /* DateValueModel.swift */; };
		F6218A00281CE16600DD745E /* TaskModel.swift in Sources */ = {isa = PBXBuildFile; fileRef = F62189FF281CE16600DD745E /* TaskModel.swift */; };
		F6218A02281CE17100DD745E /* RecordingModel.swift in Sources */ = {isa = PBXBuildFile; fileRef = F6218A01281CE17100DD745E /* RecordingModel.swift */; };
		F6218A04281CE17B00DD745E /* SearchModel.swift in Sources */ = {isa = PBXBuildFile; fileRef = F6218A03281CE17B00DD745E /* SearchModel.swift */; };
		F6218A06281CE18F00DD745E /* VoiceViewModel.swift in Sources */ = {isa = PBXBuildFile; fileRef = F6218A05281CE18F00DD745E /* VoiceViewModel.swift */; };
		F6218A08281CE19800DD745E /* SearchViewModel.swift in Sources */ = {isa = PBXBuildFile; fileRef = F6218A07281CE19800DD745E /* SearchViewModel.swift */; };
		F6218A0A281CE1A300DD745E /* TaskViewModel.swift in Sources */ = {isa = PBXBuildFile; fileRef = F6218A09281CE1A300DD745E /* TaskViewModel.swift */; };
		F6218A0E281CE1B400DD745E /* SoundViewModel.swift in Sources */ = {isa = PBXBuildFile; fileRef = F6218A0D281CE1B400DD745E /* SoundViewModel.swift */; };
		F6218A10281CE1BE00DD745E /* CalendarView.swift in Sources */ = {isa = PBXBuildFile; fileRef = F6218A0F281CE1BE00DD745E /* CalendarView.swift */; };
		F6218A12281CE1C700DD745E /* CustomDatePickerView.swift in Sources */ = {isa = PBXBuildFile; fileRef = F6218A11281CE1C700DD745E /* CustomDatePickerView.swift */; };
		F6218A14281CE1CF00DD745E /* MainView.swift in Sources */ = {isa = PBXBuildFile; fileRef = F6218A13281CE1CF00DD745E /* MainView.swift */; };
		F6218A16281CE1D700DD745E /* SearchView.swift in Sources */ = {isa = PBXBuildFile; fileRef = F6218A15281CE1D700DD745E /* SearchView.swift */; };
		F6218A18281CE1E700DD745E /* RecordListView.swift in Sources */ = {isa = PBXBuildFile; fileRef = F6218A17281CE1E700DD745E /* RecordListView.swift */; };
		F6218A1A281CE1F000DD745E /* RecordView.swift in Sources */ = {isa = PBXBuildFile; fileRef = F6218A19281CE1F000DD745E /* RecordView.swift */; };
		F6218A1E281CE20500DD745E /* ConvertSecToMinAndHour.swift in Sources */ = {isa = PBXBuildFile; fileRef = F6218A1D281CE20500DD745E /* ConvertSecToMinAndHour.swift */; };
		F6218A20281CE20F00DD745E /* Date.swift in Sources */ = {isa = PBXBuildFile; fileRef = F6218A1F281CE20F00DD745E /* Date.swift */; };
		F6218A27281CE3C600DD745E /* searchData.json in Resources */ = {isa = PBXBuildFile; fileRef = F6218A26281CE3C600DD745E /* searchData.json */; };
		F6218A2C281D085800DD745E /* CoreDataManger.swift in Sources */ = {isa = PBXBuildFile; fileRef = F6218A2B281D085800DD745E /* CoreDataManger.swift */; };
		F6A2563B28202B6300F880F0 /* Launch Screen.storyboard in Resources */ = {isa = PBXBuildFile; fileRef = F6A2563A28202B6300F880F0 /* Launch Screen.storyboard */; };
		F6A256472820AE4200F880F0 /* Preview Assets.xcassets in Resources */ = {isa = PBXBuildFile; fileRef = F6A256452820AE4200F880F0 /* Preview Assets.xcassets */; };
		F6A256482820AE4200F880F0 /* Assets.xcassets in Resources */ = {isa = PBXBuildFile; fileRef = F6A256462820AE4200F880F0 /* Assets.xcassets */; };
		F6A2565B282212DE00F880F0 /* basic.png in Resources */ = {isa = PBXBuildFile; fileRef = F6A2565A282212DE00F880F0 /* basic.png */; };
/* End PBXBuildFile section */

/* Begin PBXFileReference section */
		F62189E2281CE0F800DD745E /* MusicPalace(Nano).app */ = {isa = PBXFileReference; explicitFileType = wrapper.application; includeInIndex = 0; path = "MusicPalace(Nano).app"; sourceTree = BUILT_PRODUCTS_DIR; };
		F62189E5281CE0F800DD745E /* MusicPalace_Nano_App.swift */ = {isa = PBXFileReference; lastKnownFileType = sourcecode.swift; path = MusicPalace_Nano_App.swift; sourceTree = "<group>"; };
		F62189E7281CE0F800DD745E /* ContentView.swift */ = {isa = PBXFileReference; lastKnownFileType = sourcecode.swift; path = ContentView.swift; sourceTree = "<group>"; };
		F62189F1281CE0FA00DD745E /* MusicPalace_Nano_.xcdatamodel */ = {isa = PBXFileReference; lastKnownFileType = wrapper.xcdatamodel; path = MusicPalace_Nano_.xcdatamodel; sourceTree = "<group>"; };
		F62189FD281CE15D00DD745E /* DateValueModel.swift */ = {isa = PBXFileReference; lastKnownFileType = sourcecode.swift; path = DateValueModel.swift; sourceTree = "<group>"; };
		F62189FF281CE16600DD745E /* TaskModel.swift */ = {isa = PBXFileReference; lastKnownFileType = sourcecode.swift; path = TaskModel.swift; sourceTree = "<group>"; };
		F6218A01281CE17100DD745E /* RecordingModel.swift */ = {isa = PBXFileReference; lastKnownFileType = sourcecode.swift; path = RecordingModel.swift; sourceTree = "<group>"; };
		F6218A03281CE17B00DD745E /* SearchModel.swift */ = {isa = PBXFileReference; lastKnownFileType = sourcecode.swift; path = SearchModel.swift; sourceTree = "<group>"; };
		F6218A05281CE18F00DD745E /* VoiceViewModel.swift */ = {isa = PBXFileReference; lastKnownFileType = sourcecode.swift; path = VoiceViewModel.swift; sourceTree = "<group>"; };
		F6218A07281CE19800DD745E /* SearchViewModel.swift */ = {isa = PBXFileReference; lastKnownFileType = sourcecode.swift; path = SearchViewModel.swift; sourceTree = "<group>"; };
		F6218A09281CE1A300DD745E /* TaskViewModel.swift */ = {isa = PBXFileReference; lastKnownFileType = sourcecode.swift; path = TaskViewModel.swift; sourceTree = "<group>"; };
		F6218A0D281CE1B400DD745E /* SoundViewModel.swift */ = {isa = PBXFileReference; lastKnownFileType = sourcecode.swift; path = SoundViewModel.swift; sourceTree = "<group>"; };
		F6218A0F281CE1BE00DD745E /* CalendarView.swift */ = {isa = PBXFileReference; lastKnownFileType = sourcecode.swift; path = CalendarView.swift; sourceTree = "<group>"; };
		F6218A11281CE1C700DD745E /* CustomDatePickerView.swift */ = {isa = PBXFileReference; lastKnownFileType = sourcecode.swift; path = CustomDatePickerView.swift; sourceTree = "<group>"; };
		F6218A13281CE1CF00DD745E /* MainView.swift */ = {isa = PBXFileReference; lastKnownFileType = sourcecode.swift; path = MainView.swift; sourceTree = "<group>"; };
		F6218A15281CE1D700DD745E /* SearchView.swift */ = {isa = PBXFileReference; lastKnownFileType = sourcecode.swift; path = SearchView.swift; sourceTree = "<group>"; };
		F6218A17281CE1E700DD745E /* RecordListView.swift */ = {isa = PBXFileReference; lastKnownFileType = sourcecode.swift; path = RecordListView.swift; sourceTree = "<group>"; };
		F6218A19281CE1F000DD745E /* RecordView.swift */ = {isa = PBXFileReference; lastKnownFileType = sourcecode.swift; path = RecordView.swift; sourceTree = "<group>"; };
		F6218A1D281CE20500DD745E /* ConvertSecToMinAndHour.swift */ = {isa = PBXFileReference; lastKnownFileType = sourcecode.swift; path = ConvertSecToMinAndHour.swift; sourceTree = "<group>"; };
		F6218A1F281CE20F00DD745E /* Date.swift */ = {isa = PBXFileReference; lastKnownFileType = sourcecode.swift; path = Date.swift; sourceTree = "<group>"; };
		F6218A26281CE3C600DD745E /* searchData.json */ = {isa = PBXFileReference; lastKnownFileType = text.json; path = searchData.json; sourceTree = "<group>"; };
		F6218A2B281D085800DD745E /* CoreDataManger.swift */ = {isa = PBXFileReference; lastKnownFileType = sourcecode.swift; path = CoreDataManger.swift; sourceTree = "<group>"; };
		F6A2563A28202B6300F880F0 /* Launch Screen.storyboard */ = {isa = PBXFileReference; lastKnownFileType = file.storyboard; path = "Launch Screen.storyboard"; sourceTree = "<group>"; };
		F6A2563C282030FB00F880F0 /* MusicPalace-Nano--Info.plist */ = {isa = PBXFileReference; lastKnownFileType = text.plist; path = "MusicPalace-Nano--Info.plist"; sourceTree = SOURCE_ROOT; };
		F6A256452820AE4200F880F0 /* Preview Assets.xcassets */ = {isa = PBXFileReference; lastKnownFileType = folder.assetcatalog; path = "Preview Assets.xcassets"; sourceTree = "<group>"; };
		F6A256462820AE4200F880F0 /* Assets.xcassets */ = {isa = PBXFileReference; lastKnownFileType = folder.assetcatalog; path = Assets.xcassets; sourceTree = "<group>"; };
		F6A2565A282212DE00F880F0 /* basic.png */ = {isa = PBXFileReference; lastKnownFileType = image.png; path = basic.png; sourceTree = "<group>"; };
/* End PBXFileReference section */

/* Begin PBXFrameworksBuildPhase section */
		F62189DF281CE0F800DD745E /* Frameworks */ = {
			isa = PBXFrameworksBuildPhase;
			buildActionMask = 2147483647;
			files = (
			);
			runOnlyForDeploymentPostprocessing = 0;
		};
/* End PBXFrameworksBuildPhase section */

/* Begin PBXGroup section */
		F62189D9281CE0F800DD745E = {
			isa = PBXGroup;
			children = (
				F62189E4281CE0F800DD745E /* MusicPalace(Nano) */,
				F62189E3281CE0F800DD745E /* Products */,
			);
			sourceTree = "<group>";
		};
		F62189E3281CE0F800DD745E /* Products */ = {
			isa = PBXGroup;
			children = (
				F62189E2281CE0F800DD745E /* MusicPalace(Nano).app */,
			);
			name = Products;
			sourceTree = "<group>";
		};
		F62189E4281CE0F800DD745E /* MusicPalace(Nano) */ = {
			isa = PBXGroup;
			children = (
				F6A2563C282030FB00F880F0 /* MusicPalace-Nano--Info.plist */,
				F6A2563A28202B6300F880F0 /* Launch Screen.storyboard */,
				F6218A2A281D084600DD745E /* Managers */,
				F62189FC281CE11800DD745E /* Recources */,
				F62189FB281CE11600DD745E /* Models */,
				F62189FA281CE11200DD745E /* ViewModels */,
				F62189F9281CE10F00DD745E /* Views */,
				F62189F8281CE10B00DD745E /* Extensions */,
				F62189E5281CE0F800DD745E /* MusicPalace_Nano_App.swift */,
				F62189E7281CE0F800DD745E /* ContentView.swift */,
				F62189F0281CE0FA00DD745E /* MusicPalaceModel.xcdatamodeld */,
				F6A256462820AE4200F880F0 /* Assets.xcassets */,
				F6A256442820AE4200F880F0 /* Preview Content */,
			);
			path = "MusicPalace(Nano)";
			sourceTree = "<group>";
		};
		F62189F8281CE10B00DD745E /* Extensions */ = {
			isa = PBXGroup;
			children = (
				F6218A1D281CE20500DD745E /* ConvertSecToMinAndHour.swift */,
				F6218A1F281CE20F00DD745E /* Date.swift */,
			);
			path = Extensions;
			sourceTree = "<group>";
		};
		F62189F9281CE10F00DD745E /* Views */ = {
			isa = PBXGroup;
			children = (
				F6218A0F281CE1BE00DD745E /* CalendarView.swift */,
				F6218A11281CE1C700DD745E /* CustomDatePickerView.swift */,
				F6218A13281CE1CF00DD745E /* MainView.swift */,
				F6218A15281CE1D700DD745E /* SearchView.swift */,
				F6218A19281CE1F000DD745E /* RecordView.swift */,
				F6218A17281CE1E700DD745E /* RecordListView.swift */,
			);
			path = Views;
			sourceTree = "<group>";
		};
		F62189FA281CE11200DD745E /* ViewModels */ = {
			isa = PBXGroup;
			children = (
				F6218A05281CE18F00DD745E /* VoiceViewModel.swift */,
				F6218A07281CE19800DD745E /* SearchViewModel.swift */,
				F6218A09281CE1A300DD745E /* TaskViewModel.swift */,
				F6218A0D281CE1B400DD745E /* SoundViewModel.swift */,
			);
			path = ViewModels;
			sourceTree = "<group>";
		};
		F62189FB281CE11600DD745E /* Models */ = {
			isa = PBXGroup;
			children = (
				F62189FD281CE15D00DD745E /* DateValueModel.swift */,
				F62189FF281CE16600DD745E /* TaskModel.swift */,
				F6218A01281CE17100DD745E /* RecordingModel.swift */,
				F6218A03281CE17B00DD745E /* SearchModel.swift */,
			);
			path = Models;
			sourceTree = "<group>";
		};
		F62189FC281CE11800DD745E /* Recources */ = {
			isa = PBXGroup;
			children = (
				F6218A26281CE3C600DD745E /* searchData.json */,
			);
			path = Recources;
			sourceTree = "<group>";
		};
		F6218A2A281D084600DD745E /* Managers */ = {
			isa = PBXGroup;
			children = (
				F6218A2B281D085800DD745E /* CoreDataManger.swift */,
			);
			path = Managers;
			sourceTree = "<group>";
		};
		F6A256442820AE4200F880F0 /* Preview Content */ = {
			isa = PBXGroup;
			children = (
				F6A2565A282212DE00F880F0 /* basic.png */,
				F6A256452820AE4200F880F0 /* Preview Assets.xcassets */,
			);
			path = "Preview Content";
			sourceTree = "<group>";
		};
/* End PBXGroup section */

/* Begin PBXNativeTarget section */
		F62189E1281CE0F800DD745E /* MusicPalace(Nano) */ = {
			isa = PBXNativeTarget;
			buildConfigurationList = F62189F5281CE0FA00DD745E /* Build configuration list for PBXNativeTarget "MusicPalace(Nano)" */;
			buildPhases = (
				F62189DE281CE0F800DD745E /* Sources */,
				F62189DF281CE0F800DD745E /* Frameworks */,
				F62189E0281CE0F800DD745E /* Resources */,
			);
			buildRules = (
			);
			dependencies = (
			);
			name = "MusicPalace(Nano)";
			productName = "MusicPalace(Nano)";
			productReference = F62189E2281CE0F800DD745E /* MusicPalace(Nano).app */;
			productType = "com.apple.product-type.application";
		};
/* End PBXNativeTarget section */

/* Begin PBXProject section */
		F62189DA281CE0F800DD745E /* Project object */ = {
			isa = PBXProject;
			attributes = {
				BuildIndependentTargetsInParallel = 1;
				LastSwiftUpdateCheck = 1330;
				LastUpgradeCheck = 1330;
				TargetAttributes = {
					F62189E1281CE0F800DD745E = {
						CreatedOnToolsVersion = 13.3;
					};
				};
			};
			buildConfigurationList = F62189DD281CE0F800DD745E /* Build configuration list for PBXProject "MusicPalace(Nano)" */;
			compatibilityVersion = "Xcode 13.0";
			developmentRegion = en;
			hasScannedForEncodings = 0;
			knownRegions = (
				en,
				Base,
			);
			mainGroup = F62189D9281CE0F800DD745E;
			productRefGroup = F62189E3281CE0F800DD745E /* Products */;
			projectDirPath = "";
			projectRoot = "";
			targets = (
				F62189E1281CE0F800DD745E /* MusicPalace(Nano) */,
			);
		};
/* End PBXProject section */

/* Begin PBXResourcesBuildPhase section */
		F62189E0281CE0F800DD745E /* Resources */ = {
			isa = PBXResourcesBuildPhase;
			buildActionMask = 2147483647;
			files = (
				F6218A27281CE3C600DD745E /* searchData.json in Resources */,
				F6A2565B282212DE00F880F0 /* basic.png in Resources */,
				F6A256472820AE4200F880F0 /* Preview Assets.xcassets in Resources */,
				F6A256482820AE4200F880F0 /* Assets.xcassets in Resources */,
				F6A2563B28202B6300F880F0 /* Launch Screen.storyboard in Resources */,
			);
			runOnlyForDeploymentPostprocessing = 0;
		};
/* End PBXResourcesBuildPhase section */

/* Begin PBXSourcesBuildPhase section */
		F62189DE281CE0F800DD745E /* Sources */ = {
			isa = PBXSourcesBuildPhase;
			buildActionMask = 2147483647;
			files = (
				F6218A0A281CE1A300DD745E /* TaskViewModel.swift in Sources */,
				F6218A00281CE16600DD745E /* TaskModel.swift in Sources */,
				F6218A12281CE1C700DD745E /* CustomDatePickerView.swift in Sources */,
				F6218A2C281D085800DD745E /* CoreDataManger.swift in Sources */,
				F62189E8281CE0F800DD745E /* ContentView.swift in Sources */,
				F6218A04281CE17B00DD745E /* SearchModel.swift in Sources */,
				F6218A16281CE1D700DD745E /* SearchView.swift in Sources */,
				F6218A1A281CE1F000DD745E /* RecordView.swift in Sources */,
				F6218A02281CE17100DD745E /* RecordingModel.swift in Sources */,
				F6218A0E281CE1B400DD745E /* SoundViewModel.swift in Sources */,
				F6218A14281CE1CF00DD745E /* MainView.swift in Sources */,
				F6218A10281CE1BE00DD745E /* CalendarView.swift in Sources */,
				F62189E6281CE0F800DD745E /* MusicPalace_Nano_App.swift in Sources */,
				F6218A08281CE19800DD745E /* SearchViewModel.swift in Sources */,
				F6218A06281CE18F00DD745E /* VoiceViewModel.swift in Sources */,
				F62189FE281CE15D00DD745E /* DateValueModel.swift in Sources */,
				F6218A1E281CE20500DD745E /* ConvertSecToMinAndHour.swift in Sources */,
				F6218A20281CE20F00DD745E /* Date.swift in Sources */,
				F62189F2281CE0FA00DD745E /* MusicPalaceModel.xcdatamodeld in Sources */,
				F6218A18281CE1E700DD745E /* RecordListView.swift in Sources */,
			);
			runOnlyForDeploymentPostprocessing = 0;
		};
/* End PBXSourcesBuildPhase section */

/* Begin XCBuildConfiguration section */
		F62189F3281CE0FA00DD745E /* Debug */ = {
			isa = XCBuildConfiguration;
			buildSettings = {
				ALWAYS_SEARCH_USER_PATHS = NO;
				CLANG_ANALYZER_NONNULL = YES;
				CLANG_ANALYZER_NUMBER_OBJECT_CONVERSION = YES_AGGRESSIVE;
				CLANG_CXX_LANGUAGE_STANDARD = "gnu++17";
				CLANG_ENABLE_MODULES = YES;
				CLANG_ENABLE_OBJC_ARC = YES;
				CLANG_ENABLE_OBJC_WEAK = YES;
				CLANG_WARN_BLOCK_CAPTURE_AUTORELEASING = YES;
				CLANG_WARN_BOOL_CONVERSION = YES;
				CLANG_WARN_COMMA = YES;
				CLANG_WARN_CONSTANT_CONVERSION = YES;
				CLANG_WARN_DEPRECATED_OBJC_IMPLEMENTATIONS = YES;
				CLANG_WARN_DIRECT_OBJC_ISA_USAGE = YES_ERROR;
				CLANG_WARN_DOCUMENTATION_COMMENTS = YES;
				CLANG_WARN_EMPTY_BODY = YES;
				CLANG_WARN_ENUM_CONVERSION = YES;
				CLANG_WARN_INFINITE_RECURSION = YES;
				CLANG_WARN_INT_CONVERSION = YES;
				CLANG_WARN_NON_LITERAL_NULL_CONVERSION = YES;
				CLANG_WARN_OBJC_IMPLICIT_RETAIN_SELF = YES;
				CLANG_WARN_OBJC_LITERAL_CONVERSION = YES;
				CLANG_WARN_OBJC_ROOT_CLASS = YES_ERROR;
				CLANG_WARN_QUOTED_INCLUDE_IN_FRAMEWORK_HEADER = YES;
				CLANG_WARN_RANGE_LOOP_ANALYSIS = YES;
				CLANG_WARN_STRICT_PROTOTYPES = YES;
				CLANG_WARN_SUSPICIOUS_MOVE = YES;
				CLANG_WARN_UNGUARDED_AVAILABILITY = YES_AGGRESSIVE;
				CLANG_WARN_UNREACHABLE_CODE = YES;
				CLANG_WARN__DUPLICATE_METHOD_MATCH = YES;
				COPY_PHASE_STRIP = NO;
				DEBUG_INFORMATION_FORMAT = dwarf;
				ENABLE_STRICT_OBJC_MSGSEND = YES;
				ENABLE_TESTABILITY = YES;
				GCC_C_LANGUAGE_STANDARD = gnu11;
				GCC_DYNAMIC_NO_PIC = NO;
				GCC_NO_COMMON_BLOCKS = YES;
				GCC_OPTIMIZATION_LEVEL = 0;
				GCC_PREPROCESSOR_DEFINITIONS = (
					"DEBUG=1",
					"$(inherited)",
				);
				GCC_WARN_64_TO_32_BIT_CONVERSION = YES;
				GCC_WARN_ABOUT_RETURN_TYPE = YES_ERROR;
				GCC_WARN_UNDECLARED_SELECTOR = YES;
				GCC_WARN_UNINITIALIZED_AUTOS = YES_AGGRESSIVE;
				GCC_WARN_UNUSED_FUNCTION = YES;
				GCC_WARN_UNUSED_VARIABLE = YES;
				IPHONEOS_DEPLOYMENT_TARGET = 15.4;
				MTL_ENABLE_DEBUG_INFO = INCLUDE_SOURCE;
				MTL_FAST_MATH = YES;
				ONLY_ACTIVE_ARCH = YES;
				SDKROOT = iphoneos;
				SWIFT_ACTIVE_COMPILATION_CONDITIONS = DEBUG;
				SWIFT_OPTIMIZATION_LEVEL = "-Onone";
			};
			name = Debug;
		};
		F62189F4281CE0FA00DD745E /* Release */ = {
			isa = XCBuildConfiguration;
			buildSettings = {
				ALWAYS_SEARCH_USER_PATHS = NO;
				CLANG_ANALYZER_NONNULL = YES;
				CLANG_ANALYZER_NUMBER_OBJECT_CONVERSION = YES_AGGRESSIVE;
				CLANG_CXX_LANGUAGE_STANDARD = "gnu++17";
				CLANG_ENABLE_MODULES = YES;
				CLANG_ENABLE_OBJC_ARC = YES;
				CLANG_ENABLE_OBJC_WEAK = YES;
				CLANG_WARN_BLOCK_CAPTURE_AUTORELEASING = YES;
				CLANG_WARN_BOOL_CONVERSION = YES;
				CLANG_WARN_COMMA = YES;
				CLANG_WARN_CONSTANT_CONVERSION = YES;
				CLANG_WARN_DEPRECATED_OBJC_IMPLEMENTATIONS = YES;
				CLANG_WARN_DIRECT_OBJC_ISA_USAGE = YES_ERROR;
				CLANG_WARN_DOCUMENTATION_COMMENTS = YES;
				CLANG_WARN_EMPTY_BODY = YES;
				CLANG_WARN_ENUM_CONVERSION = YES;
				CLANG_WARN_INFINITE_RECURSION = YES;
				CLANG_WARN_INT_CONVERSION = YES;
				CLANG_WARN_NON_LITERAL_NULL_CONVERSION = YES;
				CLANG_WARN_OBJC_IMPLICIT_RETAIN_SELF = YES;
				CLANG_WARN_OBJC_LITERAL_CONVERSION = YES;
				CLANG_WARN_OBJC_ROOT_CLASS = YES_ERROR;
				CLANG_WARN_QUOTED_INCLUDE_IN_FRAMEWORK_HEADER = YES;
				CLANG_WARN_RANGE_LOOP_ANALYSIS = YES;
				CLANG_WARN_STRICT_PROTOTYPES = YES;
				CLANG_WARN_SUSPICIOUS_MOVE = YES;
				CLANG_WARN_UNGUARDED_AVAILABILITY = YES_AGGRESSIVE;
				CLANG_WARN_UNREACHABLE_CODE = YES;
				CLANG_WARN__DUPLICATE_METHOD_MATCH = YES;
				COPY_PHASE_STRIP = NO;
				DEBUG_INFORMATION_FORMAT = "dwarf-with-dsym";
				ENABLE_NS_ASSERTIONS = NO;
				ENABLE_STRICT_OBJC_MSGSEND = YES;
				GCC_C_LANGUAGE_STANDARD = gnu11;
				GCC_NO_COMMON_BLOCKS = YES;
				GCC_WARN_64_TO_32_BIT_CONVERSION = YES;
				GCC_WARN_ABOUT_RETURN_TYPE = YES_ERROR;
				GCC_WARN_UNDECLARED_SELECTOR = YES;
				GCC_WARN_UNINITIALIZED_AUTOS = YES_AGGRESSIVE;
				GCC_WARN_UNUSED_FUNCTION = YES;
				GCC_WARN_UNUSED_VARIABLE = YES;
				IPHONEOS_DEPLOYMENT_TARGET = 15.4;
				MTL_ENABLE_DEBUG_INFO = NO;
				MTL_FAST_MATH = YES;
				SDKROOT = iphoneos;
				SWIFT_COMPILATION_MODE = wholemodule;
				SWIFT_OPTIMIZATION_LEVEL = "-O";
				VALIDATE_PRODUCT = YES;
			};
			name = Release;
		};
		F62189F6281CE0FA00DD745E /* Debug */ = {
			isa = XCBuildConfiguration;
			buildSettings = {
				ASSETCATALOG_COMPILER_APPICON_NAME = AppIcon;
				ASSETCATALOG_COMPILER_GLOBAL_ACCENT_COLOR_NAME = AccentColor;
				CODE_SIGN_STYLE = Automatic;
				CURRENT_PROJECT_VERSION = 1;
				DEVELOPMENT_ASSET_PATHS = "\"MusicPalace(Nano)/Preview Content\"";
				DEVELOPMENT_TEAM = A8RC8B498C;
				ENABLE_PREVIEWS = YES;
				GENERATE_INFOPLIST_FILE = YES;
				INFOPLIST_FILE = "MusicPalace-Nano--Info.plist";
				INFOPLIST_KEY_NSMicrophoneUsageDescription = "We need access to your microphone to conduct recording sessions";
				INFOPLIST_KEY_UIApplicationSceneManifest_Generation = YES;
				INFOPLIST_KEY_UIApplicationSupportsIndirectInputEvents = YES;
				INFOPLIST_KEY_UISupportedInterfaceOrientations_iPad = "UIInterfaceOrientationPortrait UIInterfaceOrientationPortraitUpsideDown UIInterfaceOrientationLandscapeLeft UIInterfaceOrientationLandscapeRight";
				INFOPLIST_KEY_UISupportedInterfaceOrientations_iPhone = "UIInterfaceOrientationPortrait UIInterfaceOrientationLandscapeLeft UIInterfaceOrientationLandscapeRight";
				LD_RUNPATH_SEARCH_PATHS = (
					"$(inherited)",
					"@executable_path/Frameworks",
				);
				MARKETING_VERSION = 1.0;
				PRODUCT_BUNDLE_IDENTIFIER = "Yoonjae.MusicPalace-Nano-";
				PRODUCT_NAME = "$(TARGET_NAME)";
				SWIFT_EMIT_LOC_STRINGS = YES;
				SWIFT_VERSION = 5.0;
				TARGETED_DEVICE_FAMILY = "1,2";
			};
			name = Debug;
		};
		F62189F7281CE0FA00DD745E /* Release */ = {
			isa = XCBuildConfiguration;
			buildSettings = {
				ASSETCATALOG_COMPILER_APPICON_NAME = AppIcon;
				ASSETCATALOG_COMPILER_GLOBAL_ACCENT_COLOR_NAME = AccentColor;
				CODE_SIGN_STYLE = Automatic;
				CURRENT_PROJECT_VERSION = 1;
				DEVELOPMENT_ASSET_PATHS = "\"MusicPalace(Nano)/Preview Content\"";
				DEVELOPMENT_TEAM = A8RC8B498C;
				ENABLE_PREVIEWS = YES;
				GENERATE_INFOPLIST_FILE = YES;
				INFOPLIST_FILE = "MusicPalace-Nano--Info.plist";
				INFOPLIST_KEY_NSMicrophoneUsageDescription = "We need access to your microphone to conduct recording sessions";
				INFOPLIST_KEY_UIApplicationSceneManifest_Generation = YES;
				INFOPLIST_KEY_UIApplicationSupportsIndirectInputEvents = YES;
				INFOPLIST_KEY_UISupportedInterfaceOrientations_iPad = "UIInterfaceOrientationPortrait UIInterfaceOrientationPortraitUpsideDown UIInterfaceOrientationLandscapeLeft UIInterfaceOrientationLandscapeRight";
				INFOPLIST_KEY_UISupportedInterfaceOrientations_iPhone = "UIInterfaceOrientationPortrait UIInterfaceOrientationLandscapeLeft UIInterfaceOrientationLandscapeRight";
				LD_RUNPATH_SEARCH_PATHS = (
					"$(inherited)",
					"@executable_path/Frameworks",
				);
				MARKETING_VERSION = 1.0;
				PRODUCT_BUNDLE_IDENTIFIER = "Yoonjae.MusicPalace-Nano-";
				PRODUCT_NAME = "$(TARGET_NAME)";
				SWIFT_EMIT_LOC_STRINGS = YES;
				SWIFT_VERSION = 5.0;
				TARGETED_DEVICE_FAMILY = "1,2";
			};
			name = Release;
		};
/* End XCBuildConfiguration section */

/* Begin XCConfigurationList section */
		F62189DD281CE0F800DD745E /* Build configuration list for PBXProject "MusicPalace(Nano)" */ = {
			isa = XCConfigurationList;
			buildConfigurations = (
				F62189F3281CE0FA00DD745E /* Debug */,
				F62189F4281CE0FA00DD745E /* Release */,
			);
			defaultConfigurationIsVisible = 0;
			defaultConfigurationName = Release;
		};
		F62189F5281CE0FA00DD745E /* Build configuration list for PBXNativeTarget "MusicPalace(Nano)" */ = {
			isa = XCConfigurationList;
			buildConfigurations = (
				F62189F6281CE0FA00DD745E /* Debug */,
				F62189F7281CE0FA00DD745E /* Release */,
			);
			defaultConfigurationIsVisible = 0;
			defaultConfigurationName = Release;
		};
/* End XCConfigurationList section */

/* Begin XCVersionGroup section */
		F62189F0281CE0FA00DD745E /* MusicPalaceModel.xcdatamodeld */ = {
			isa = XCVersionGroup;
			children = (
				F62189F1281CE0FA00DD745E /* MusicPalace_Nano_.xcdatamodel */,
			);
			currentVersion = F62189F1281CE0FA00DD745E /* MusicPalace_Nano_.xcdatamodel */;
			path = MusicPalaceModel.xcdatamodeld;
			sourceTree = "<group>";
			versionGroupType = wrapper.xcdatamodel;
		};
/* End XCVersionGroup section */
	};
	rootObject = F62189DA281CE0F800DD745E /* Project object */;
}
