// !$*UTF8*$!
{
	archiveVersion = 1;
	classes = {
	};
	objectVersion = 55;
	objects = {

/* Begin PBXBuildFile section */
		F62189E6281CE0F800DD745E /* MusicPalace_Nano_App.swift in Sources */ = {isa = PBXBuildFile; fileRef = F62189E5281CE0F800DD745E /* MusicPalace_Nano_App.swift */; };
		F62189E8281CE0F800DD745E /* ContentView.swift in Sources */ = {isa = PBXBuildFile; fileRef = F62189E7281CE0F800DD745E /* ContentView.swift */; };
		F62189EA281CE0FA00DD745E /* Assets.xcassets in Resources */ = {isa = PBXBuildFile; fileRef = F62189E9281CE0FA00DD745E /* Assets.xcassets */; };
		F62189ED281CE0FA00DD745E /* Preview Assets.xcassets in Resources */ = {isa = PBXBuildFile; fileRef = F62189EC281CE0FA00DD745E /* Preview Assets.xcassets */; };
		F62189EF281CE0FA00DD745E /* Persistence.swift in Sources */ = {isa = PBXBuildFile; fileRef = F62189EE281CE0FA00DD745E /* Persistence.swift */; };
		F62189F2281CE0FA00DD745E /* MusicPalace_Nano_.xcdatamodeld in Sources */ = {isa = PBXBuildFile; fileRef = F62189F0281CE0FA00DD745E /* MusicPalace_Nano_.xcdatamodeld */; };
/* End PBXBuildFile section */

/* Begin PBXFileReference section */
		F62189E2281CE0F800DD745E /* MusicPalace(Nano).app */ = {isa = PBXFileReference; explicitFileType = wrapper.application; includeInIndex = 0; path = "MusicPalace(Nano).app"; sourceTree = BUILT_PRODUCTS_DIR; };
		F62189E5281CE0F800DD745E /* MusicPalace_Nano_App.swift */ = {isa = PBXFileReference; lastKnownFileType = sourcecode.swift; path = MusicPalace_Nano_App.swift; sourceTree = "<group>"; };
		F62189E7281CE0F800DD745E /* ContentView.swift */ = {isa = PBXFileReference; lastKnownFileType = sourcecode.swift; path = ContentView.swift; sourceTree = "<group>"; };
		F62189E9281CE0FA00DD745E /* Assets.xcassets */ = {isa = PBXFileReference; lastKnownFileType = folder.assetcatalog; path = Assets.xcassets; sourceTree = "<group>"; };
		F62189EC281CE0FA00DD745E /* Preview Assets.xcassets */ = {isa = PBXFileReference; lastKnownFileType = folder.assetcatalog; path = "Preview Assets.xcassets"; sourceTree = "<group>"; };
		F62189EE281CE0FA00DD745E /* Persistence.swift */ = {isa = PBXFileReference; lastKnownFileType = sourcecode.swift; path = Persistence.swift; sourceTree = "<group>"; };
		F62189F1281CE0FA00DD745E /* MusicPalace_Nano_.xcdatamodel */ = {isa = PBXFileReference; lastKnownFileType = wrapper.xcdatamodel; path = MusicPalace_Nano_.xcdatamodel; sourceTree = "<group>"; };
/* End PBXFileReference section */

/* Begin PBXFrameworksBuildPhase section */
		F62189DF281CE0F800DD745E /* Frameworks */ = {
			isa = PBXFrameworksBuildPhase;
			buildActionMask = 2147483647;
			files = (
			);
			runOnlyForDeploymentPostprocessing = 0;
		};
/* End PBXFrameworksBuildPhase section */

/* Begin PBXGroup section */
		F62189D9281CE0F800DD745E = {
			isa = PBXGroup;
			children = (
				F62189E4281CE0F800DD745E /* MusicPalace(Nano) */,
				F62189E3281CE0F800DD745E /* Products */,
			);
			sourceTree = "<group>";
		};
		F62189E3281CE0F800DD745E /* Products */ = {
			isa = PBXGroup;
			children = (
				F62189E2281CE0F800DD745E /* MusicPalace(Nano).app */,
			);
			name = Products;
			sourceTree = "<group>";
		};
		F62189E4281CE0F800DD745E /* MusicPalace(Nano) */ = {
			isa = PBXGroup;
			children = (
				F62189E5281CE0F800DD745E /* MusicPalace_Nano_App.swift */,
				F62189E7281CE0F800DD745E /* ContentView.swift */,
				F62189E9281CE0FA00DD745E /* Assets.xcassets */,
				F62189EE281CE0FA00DD745E /* Persistence.swift */,
				F62189F0281CE0FA00DD745E /* MusicPalace_Nano_.xcdatamodeld */,
				F62189EB281CE0FA00DD745E /* Preview Content */,
			);
			path = "MusicPalace(Nano)";
			sourceTree = "<group>";
		};
		F62189EB281CE0FA00DD745E /* Preview Content */ = {
			isa = PBXGroup;
			children = (
				F62189EC281CE0FA00DD745E /* Preview Assets.xcassets */,
			);
			path = "Preview Content";
			sourceTree = "<group>";
		};
/* End PBXGroup section */

/* Begin PBXNativeTarget section */
		F62189E1281CE0F800DD745E /* MusicPalace(Nano) */ = {
			isa = PBXNativeTarget;
			buildConfigurationList = F62189F5281CE0FA00DD745E /* Build configuration list for PBXNativeTarget "MusicPalace(Nano)" */;
			buildPhases = (
				F62189DE281CE0F800DD745E /* Sources */,
				F62189DF281CE0F800DD745E /* Frameworks */,
				F62189E0281CE0F800DD745E /* Resources */,
			);
			buildRules = (
			);
			dependencies = (
			);
			name = "MusicPalace(Nano)";
			productName = "MusicPalace(Nano)";
			productReference = F62189E2281CE0F800DD745E /* MusicPalace(Nano).app */;
			productType = "com.apple.product-type.application";
		};
/* End PBXNativeTarget section */

/* Begin PBXProject section */
		F62189DA281CE0F800DD745E /* Project object */ = {
			isa = PBXProject;
			attributes = {
				BuildIndependentTargetsInParallel = 1;
				LastSwiftUpdateCheck = 1330;
				LastUpgradeCheck = 1330;
				TargetAttributes = {
					F62189E1281CE0F800DD745E = {
						CreatedOnToolsVersion = 13.3;
					};
				};
			};
			buildConfigurationList = F62189DD281CE0F800DD745E /* Build configuration list for PBXProject "MusicPalace(Nano)" */;
			compatibilityVersion = "Xcode 13.0";
			developmentRegion = en;
			hasScannedForEncodings = 0;
			knownRegions = (
				en,
				Base,
			);
			mainGroup = F62189D9281CE0F800DD745E;
			productRefGroup = F62189E3281CE0F800DD745E /* Products */;
			projectDirPath = "";
			projectRoot = "";
			targets = (
				F62189E1281CE0F800DD745E /* MusicPalace(Nano) */,
			);
		};
/* End PBXProject section */

/* Begin PBXResourcesBuildPhase section */
		F62189E0281CE0F800DD745E /* Resources */ = {
			isa = PBXResourcesBuildPhase;
			buildActionMask = 2147483647;
			files = (
				F62189ED281CE0FA00DD745E /* Preview Assets.xcassets in Resources */,
				F62189EA281CE0FA00DD745E /* Assets.xcassets in Resources */,
			);
			runOnlyForDeploymentPostprocessing = 0;
		};
/* End PBXResourcesBuildPhase section */

/* Begin PBXSourcesBuildPhase section */
		F62189DE281CE0F800DD745E /* Sources */ = {
			isa = PBXSourcesBuildPhase;
			buildActionMask = 2147483647;
			files = (
				F62189EF281CE0FA00DD745E /* Persistence.swift in Sources */,
				F62189E8281CE0F800DD745E /* ContentView.swift in Sources */,
				F62189E6281CE0F800DD745E /* MusicPalace_Nano_App.swift in Sources */,
				F62189F2281CE0FA00DD745E /* MusicPalace_Nano_.xcdatamodeld in Sources */,
			);
			runOnlyForDeploymentPostprocessing = 0;
		};
/* End PBXSourcesBuildPhase section */

/* Begin XCBuildConfiguration section */
		F62189F3281CE0FA00DD745E /* Debug */ = {
			isa = XCBuildConfiguration;
			buildSettings = {
				ALWAYS_SEARCH_USER_PATHS = NO;
				CLANG_ANALYZER_NONNULL = YES;
				CLANG_ANALYZER_NUMBER_OBJECT_CONVERSION = YES_AGGRESSIVE;
				CLANG_CXX_LANGUAGE_STANDARD = "gnu++17";
				CLANG_ENABLE_MODULES = YES;
				CLANG_ENABLE_OBJC_ARC = YES;
				CLANG_ENABLE_OBJC_WEAK = YES;
				CLANG_WARN_BLOCK_CAPTURE_AUTORELEASING = YES;
				CLANG_WARN_BOOL_CONVERSION = YES;
				CLANG_WARN_COMMA = YES;
				CLANG_WARN_CONSTANT_CONVERSION = YES;
				CLANG_WARN_DEPRECATED_OBJC_IMPLEMENTATIONS = YES;
				CLANG_WARN_DIRECT_OBJC_ISA_USAGE = YES_ERROR;
				CLANG_WARN_DOCUMENTATION_COMMENTS = YES;
				CLANG_WARN_EMPTY_BODY = YES;
				CLANG_WARN_ENUM_CONVERSION = YES;
				CLANG_WARN_INFINITE_RECURSION = YES;
				CLANG_WARN_INT_CONVERSION = YES;
				CLANG_WARN_NON_LITERAL_NULL_CONVERSION = YES;
				CLANG_WARN_OBJC_IMPLICIT_RETAIN_SELF = YES;
				CLANG_WARN_OBJC_LITERAL_CONVERSION = YES;
				CLANG_WARN_OBJC_ROOT_CLASS = YES_ERROR;
				CLANG_WARN_QUOTED_INCLUDE_IN_FRAMEWORK_HEADER = YES;
				CLANG_WARN_RANGE_LOOP_ANALYSIS = YES;
				CLANG_WARN_STRICT_PROTOTYPES = YES;
				CLANG_WARN_SUSPICIOUS_MOVE = YES;
				CLANG_WARN_UNGUARDED_AVAILABILITY = YES_AGGRESSIVE;
				CLANG_WARN_UNREACHABLE_CODE = YES;
				CLANG_WARN__DUPLICATE_METHOD_MATCH = YES;
				COPY_PHASE_STRIP = NO;
				DEBUG_INFORMATION_FORMAT = dwarf;
				ENABLE_STRICT_OBJC_MSGSEND = YES;
				ENABLE_TESTABILITY = YES;
				GCC_C_LANGUAGE_STANDARD = gnu11;
				GCC_DYNAMIC_NO_PIC = NO;
				GCC_NO_COMMON_BLOCKS = YES;
				GCC_OPTIMIZATION_LEVEL = 0;
				GCC_PREPROCESSOR_DEFINITIONS = (
					"DEBUG=1",
					"$(inherited)",
				);
				GCC_WARN_64_TO_32_BIT_CONVERSION = YES;
				GCC_WARN_ABOUT_RETURN_TYPE = YES_ERROR;
				GCC_WARN_UNDECLARED_SELECTOR = YES;
				GCC_WARN_UNINITIALIZED_AUTOS = YES_AGGRESSIVE;
				GCC_WARN_UNUSED_FUNCTION = YES;
				GCC_WARN_UNUSED_VARIABLE = YES;
				IPHONEOS_DEPLOYMENT_TARGET = 15.4;
				MTL_ENABLE_DEBUG_INFO = INCLUDE_SOURCE;
				MTL_FAST_MATH = YES;
				ONLY_ACTIVE_ARCH = YES;
				SDKROOT = iphoneos;
				SWIFT_ACTIVE_COMPILATION_CONDITIONS = DEBUG;
				SWIFT_OPTIMIZATION_LEVEL = "-Onone";
			};
			name = Debug;
		};
		F62189F4281CE0FA00DD745E /* Release */ = {
			isa = XCBuildConfiguration;
			buildSettings = {
				ALWAYS_SEARCH_USER_PATHS = NO;
				CLANG_ANALYZER_NONNULL = YES;
				CLANG_ANALYZER_NUMBER_OBJECT_CONVERSION = YES_AGGRESSIVE;
				CLANG_CXX_LANGUAGE_STANDARD = "gnu++17";
				CLANG_ENABLE_MODULES = YES;
				CLANG_ENABLE_OBJC_ARC = YES;
				CLANG_ENABLE_OBJC_WEAK = YES;
				CLANG_WARN_BLOCK_CAPTURE_AUTORELEASING = YES;
				CLANG_WARN_BOOL_CONVERSION = YES;
				CLANG_WARN_COMMA = YES;
				CLANG_WARN_CONSTANT_CONVERSION = YES;
				CLANG_WARN_DEPRECATED_OBJC_IMPLEMENTATIONS = YES;
				CLANG_WARN_DIRECT_OBJC_ISA_USAGE = YES_ERROR;
				CLANG_WARN_DOCUMENTATION_COMMENTS = YES;
				CLANG_WARN_EMPTY_BODY = YES;
				CLANG_WARN_ENUM_CONVERSION = YES;
				CLANG_WARN_INFINITE_RECURSION = YES;
				CLANG_WARN_INT_CONVERSION = YES;
				CLANG_WARN_NON_LITERAL_NULL_CONVERSION = YES;
				CLANG_WARN_OBJC_IMPLICIT_RETAIN_SELF = YES;
				CLANG_WARN_OBJC_LITERAL_CONVERSION = YES;
				CLANG_WARN_OBJC_ROOT_CLASS = YES_ERROR;
				CLANG_WARN_QUOTED_INCLUDE_IN_FRAMEWORK_HEADER = YES;
				CLANG_WARN_RANGE_LOOP_ANALYSIS = YES;
				CLANG_WARN_STRICT_PROTOTYPES = YES;
				CLANG_WARN_SUSPICIOUS_MOVE = YES;
				CLANG_WARN_UNGUARDED_AVAILABILITY = YES_AGGRESSIVE;
				CLANG_WARN_UNREACHABLE_CODE = YES;
				CLANG_WARN__DUPLICATE_METHOD_MATCH = YES;
				COPY_PHASE_STRIP = NO;
				DEBUG_INFORMATION_FORMAT = "dwarf-with-dsym";
				ENABLE_NS_ASSERTIONS = NO;
				ENABLE_STRICT_OBJC_MSGSEND = YES;
				GCC_C_LANGUAGE_STANDARD = gnu11;
				GCC_NO_COMMON_BLOCKS = YES;
				GCC_WARN_64_TO_32_BIT_CONVERSION = YES;
				GCC_WARN_ABOUT_RETURN_TYPE = YES_ERROR;
				GCC_WARN_UNDECLARED_SELECTOR = YES;
				GCC_WARN_UNINITIALIZED_AUTOS = YES_AGGRESSIVE;
				GCC_WARN_UNUSED_FUNCTION = YES;
				GCC_WARN_UNUSED_VARIABLE = YES;
				IPHONEOS_DEPLOYMENT_TARGET = 15.4;
				MTL_ENABLE_DEBUG_INFO = NO;
				MTL_FAST_MATH = YES;
				SDKROOT = iphoneos;
				SWIFT_COMPILATION_MODE = wholemodule;
				SWIFT_OPTIMIZATION_LEVEL = "-O";
				VALIDATE_PRODUCT = YES;
			};
			name = Release;
		};
		F62189F6281CE0FA00DD745E /* Debug */ = {
			isa = XCBuildConfiguration;
			buildSettings = {
				ASSETCATALOG_COMPILER_APPICON_NAME = AppIcon;
				ASSETCATALOG_COMPILER_GLOBAL_ACCENT_COLOR_NAME = AccentColor;
				CODE_SIGN_STYLE = Automatic;
				CURRENT_PROJECT_VERSION = 1;
				DEVELOPMENT_ASSET_PATHS = "\"MusicPalace(Nano)/Preview Content\"";
				DEVELOPMENT_TEAM = A8RC8B498C;
				ENABLE_PREVIEWS = YES;
				GENERATE_INFOPLIST_FILE = YES;
				INFOPLIST_KEY_UIApplicationSceneManifest_Generation = YES;
				INFOPLIST_KEY_UIApplicationSupportsIndirectInputEvents = YES;
				INFOPLIST_KEY_UILaunchScreen_Generation = YES;
				INFOPLIST_KEY_UISupportedInterfaceOrientations_iPad = "UIInterfaceOrientationPortrait UIInterfaceOrientationPortraitUpsideDown UIInterfaceOrientationLandscapeLeft UIInterfaceOrientationLandscapeRight";
				INFOPLIST_KEY_UISupportedInterfaceOrientations_iPhone = "UIInterfaceOrientationPortrait UIInterfaceOrientationLandscapeLeft UIInterfaceOrientationLandscapeRight";
				LD_RUNPATH_SEARCH_PATHS = (
					"$(inherited)",
					"@executable_path/Frameworks",
				);
				MARKETING_VERSION = 1.0;
				PRODUCT_BUNDLE_IDENTIFIER = "Yoonjae.MusicPalace-Nano-";
				PRODUCT_NAME = "$(TARGET_NAME)";
				SWIFT_EMIT_LOC_STRINGS = YES;
				SWIFT_VERSION = 5.0;
				TARGETED_DEVICE_FAMILY = "1,2";
			};
			name = Debug;
		};
		F62189F7281CE0FA00DD745E /* Release */ = {
			isa = XCBuildConfiguration;
			buildSettings = {
				ASSETCATALOG_COMPILER_APPICON_NAME = AppIcon;
				ASSETCATALOG_COMPILER_GLOBAL_ACCENT_COLOR_NAME = AccentColor;
				CODE_SIGN_STYLE = Automatic;
				CURRENT_PROJECT_VERSION = 1;
				DEVELOPMENT_ASSET_PATHS = "\"MusicPalace(Nano)/Preview Content\"";
				DEVELOPMENT_TEAM = A8RC8B498C;
				ENABLE_PREVIEWS = YES;
				GENERATE_INFOPLIST_FILE = YES;
				INFOPLIST_KEY_UIApplicationSceneManifest_Generation = YES;
				INFOPLIST_KEY_UIApplicationSupportsIndirectInputEvents = YES;
				INFOPLIST_KEY_UILaunchScreen_Generation = YES;
				INFOPLIST_KEY_UISupportedInterfaceOrientations_iPad = "UIInterfaceOrientationPortrait UIInterfaceOrientationPortraitUpsideDown UIInterfaceOrientationLandscapeLeft UIInterfaceOrientationLandscapeRight";
				INFOPLIST_KEY_UISupportedInterfaceOrientations_iPhone = "UIInterfaceOrientationPortrait UIInterfaceOrientationLandscapeLeft UIInterfaceOrientationLandscapeRight";
				LD_RUNPATH_SEARCH_PATHS = (
					"$(inherited)",
					"@executable_path/Frameworks",
				);
				MARKETING_VERSION = 1.0;
				PRODUCT_BUNDLE_IDENTIFIER = "Yoonjae.MusicPalace-Nano-";
				PRODUCT_NAME = "$(TARGET_NAME)";
				SWIFT_EMIT_LOC_STRINGS = YES;
				SWIFT_VERSION = 5.0;
				TARGETED_DEVICE_FAMILY = "1,2";
			};
			name = Release;
		};
/* End XCBuildConfiguration section */

/* Begin XCConfigurationList section */
		F62189DD281CE0F800DD745E /* Build configuration list for PBXProject "MusicPalace(Nano)" */ = {
			isa = XCConfigurationList;
			buildConfigurations = (
				F62189F3281CE0FA00DD745E /* Debug */,
				F62189F4281CE0FA00DD745E /* Release */,
			);
			defaultConfigurationIsVisible = 0;
			defaultConfigurationName = Release;
		};
		F62189F5281CE0FA00DD745E /* Build configuration list for PBXNativeTarget "MusicPalace(Nano)" */ = {
			isa = XCConfigurationList;
			buildConfigurations = (
				F62189F6281CE0FA00DD745E /* Debug */,
				F62189F7281CE0FA00DD745E /* Release */,
			);
			defaultConfigurationIsVisible = 0;
			defaultConfigurationName = Release;
		};
/* End XCConfigurationList section */

/* Begin XCVersionGroup section */
		F62189F0281CE0FA00DD745E /* MusicPalace_Nano_.xcdatamodeld */ = {
			isa = XCVersionGroup;
			children = (
				F62189F1281CE0FA00DD745E /* MusicPalace_Nano_.xcdatamodel */,
			);
			currentVersion = F62189F1281CE0FA00DD745E /* MusicPalace_Nano_.xcdatamodel */;
			path = MusicPalace_Nano_.xcdatamodeld;
			sourceTree = "<group>";
			versionGroupType = wrapper.xcdatamodel;
		};
/* End XCVersionGroup section */
	};
	rootObject = F62189DA281CE0F800DD745E /* Project object */;
}
